
Microsoft Visual Studio Solution File, Format Version 12.00
# Visual Studio 15
VisualStudioVersion = 15.0.26430.16
MinimumVisualStudioVersion = 10.0.40219.1
Project("{FAE04EC0-301F-11D3-BF4B-00C04F79EFBC}") = "戀戀台三線網站", "戀戀台三線網站\戀戀台三線網站.csproj", "{5BA79FE4-AB1D-4526-871F-90E5377198CB}"
EndProject
Project("{FAE04EC0-301F-11D3-BF4B-00C04F79EFBC}") = "戀戀台三線網站mobile", "戀戀台三線網站mobile\戀戀台三線網站mobile.csproj", "{1DDC2872-C821-4B12-9C99-2C310E416C38}"
EndProject
Project("{FAE04EC0-301F-11D3-BF4B-00C04F79EFBC}") = "PostContact_us", "PostData\PostContact_us.csproj", "{7390CEA1-A107-4046-A0F7-6C280AC46F18}"
EndProject
Project("{FAE04EC0-301F-11D3-BF4B-00C04F79EFBC}") = "PostMessage", "PostMessage\PostMessage.csproj", "{570DA006-F804-402B-B742-5814B9B97264}"
EndProject
Global
	GlobalSection(SolutionConfigurationPlatforms) = preSolution
		Debug|Any CPU = Debug|Any CPU
		Release|Any CPU = Release|Any CPU
	EndGlobalSection
	GlobalSection(ProjectConfigurationPlatforms) = postSolution
		{5BA79FE4-AB1D-4526-871F-90E5377198CB}.Debug|Any CPU.ActiveCfg = Debug|Any CPU
		{5BA79FE4-AB1D-4526-871F-90E5377198CB}.Debug|Any CPU.Build.0 = Debug|Any CPU
		{5BA79FE4-AB1D-4526-871F-90E5377198CB}.Release|Any CPU.ActiveCfg = Release|Any CPU
		{5BA79FE4-AB1D-4526-871F-90E5377198CB}.Release|Any CPU.Build.0 = Release|Any CPU
		{1DDC2872-C821-4B12-9C99-2C310E416C38}.Debug|Any CPU.ActiveCfg = Debug|Any CPU
		{1DDC2872-C821-4B12-9C99-2C310E416C38}.Debug|Any CPU.Build.0 = Debug|Any CPU
		{1DDC2872-C821-4B12-9C99-2C310E416C38}.Release|Any CPU.ActiveCfg = Release|Any CPU
		{1DDC2872-C821-4B12-9C99-2C310E416C38}.Release|Any CPU.Build.0 = Release|Any CPU
		{7390CEA1-A107-4046-A0F7-6C280AC46F18}.Debug|Any CPU.ActiveCfg = Debug|Any CPU
		{7390CEA1-A107-4046-A0F7-6C280AC46F18}.Debug|Any CPU.Build.0 = Debug|Any CPU
		{7390CEA1-A107-4046-A0F7-6C280AC46F18}.Release|Any CPU.ActiveCfg = Release|Any CPU
		{7390CEA1-A107-4046-A0F7-6C280AC46F18}.Release|Any CPU.Build.0 = Release|Any CPU
		{570DA006-F804-402B-B742-5814B9B97264}.Debug|Any CPU.ActiveCfg = Debug|Any CPU
		{570DA006-F804-402B-B742-5814B9B97264}.Debug|Any CPU.Build.0 = Debug|Any CPU
		{570DA006-F804-402B-B742-5814B9B97264}.Release|Any CPU.ActiveCfg = Release|Any CPU
		{570DA006-F804-402B-B742-5814B9B97264}.Release|Any CPU.Build.0 = Release|Any CPU
	EndGlobalSection
	GlobalSection(SolutionProperties) = preSolution
		HideSolutionNode = FALSE
	EndGlobalSection
EndGlobal
